<?xml version="1.0" encoding="utf-8"?>
<Project ToolsVersion="4.0" xmlns="http://schemas.microsoft.com/developer/msbuild/2003">
  <ItemGroup>
    <Filter Include="CodeRed">
      <UniqueIdentifier>{93995380-89BD-4b04-88EB-625FBE52EBFB}</UniqueIdentifier>
      <Extensions>h;hh;hpp;hxx;h++;hm;inl;inc;ipp;xsd</Extensions>
    </Filter>
    <Filter Include="Components">
      <UniqueIdentifier>{67DA6AB6-F800-4c08-8B7A-83BB121AAD01}</UniqueIdentifier>
      <Extensions>rc;ico;cur;bmp;dlg;rc2;rct;bin;rgs;gif;jpg;jpeg;jpe;resx;tiff;tif;png;wav;mfcribbon-ms</Extensions>
    </Filter>
    <Filter Include="Components\Components">
      <UniqueIdentifier>{05088e23-d549-42b4-8a75-131cc8d466ef}</UniqueIdentifier>
    </Filter>
    <Filter Include="Detours">
      <UniqueIdentifier>{00cca946-65c7-471b-99a2-edda8ae6fdf0}</UniqueIdentifier>
    </Filter>
    <Filter Include="Extensions">
      <UniqueIdentifier>{94fc7a1f-83a0-4190-b895-cd88a20dd19e}</UniqueIdentifier>
    </Filter>
    <Filter Include="Extensions\Extensions">
      <UniqueIdentifier>{3c7e2d23-e45d-4322-938e-6f1acf0505bd}</UniqueIdentifier>
    </Filter>
    <Filter Include="PlaceholderSDK">
      <UniqueIdentifier>{9a1277c7-a1c8-484e-b8cc-f1b9f78c14bd}</UniqueIdentifier>
    </Filter>
    <Filter Include="PlaceholderSDK\SDK_HEADERS">
      <UniqueIdentifier>{4b90a457-91ba-4559-b175-0c36e1532bb0}</UniqueIdentifier>
    </Filter>
    <Filter Include="Modules">
      <UniqueIdentifier>{241bcd9e-dd37-48d9-a598-cae1f11a842b}</UniqueIdentifier>
    </Filter>
    <Filter Include="Modules\Modules">
      <UniqueIdentifier>{a25fc3f1-953b-4e4a-a31b-976562030599}</UniqueIdentifier>
    </Filter>
  </ItemGroup>
  <ItemGroup>
    <ClCompile Include="dllmain.cpp">
      <Filter>CodeRed</Filter>
    </ClCompile>
    <ClCompile Include="Components\Component.cpp">
      <Filter>Components</Filter>
    </ClCompile>
    <ClCompile Include="Components\Components\Console.cpp">
      <Filter>Components\Components</Filter>
    </ClCompile>
    <ClCompile Include="Components\Components\Core.cpp">
      <Filter>Components\Components</Filter>
    </ClCompile>
    <ClCompile Include="Components\Components\Events.cpp">
      <Filter>Components\Components</Filter>
    </ClCompile>
    <ClCompile Include="Components\Components\GameState.cpp">
      <Filter>Components\Components</Filter>
    </ClCompile>
    <ClCompile Include="Components\Components\Instances.cpp">
      <Filter>Components\Components</Filter>
    </ClCompile>
    <ClCompile Include="Components\Components\Manager.cpp">
      <Filter>Components\Components</Filter>
    </ClCompile>
    <ClCompile Include="Extensions\Extensions\Colors.cpp">
      <Filter>Extensions\Extensions</Filter>
    </ClCompile>
    <ClCompile Include="Extensions\Extensions\Memory.cpp">
      <Filter>Extensions\Extensions</Filter>
    </ClCompile>
    <ClCompile Include="PlaceholderSDK\GameDefines.cpp">
      <Filter>PlaceholderSDK</Filter>
    </ClCompile>
    <ClCompile Include="pch.cpp">
      <Filter>CodeRed</Filter>
    </ClCompile>
    <ClCompile Include="Modules\Module.cpp">
      <Filter>Modules</Filter>
    </ClCompile>
    <ClCompile Include="Modules\Modules\Placeholder.cpp">
      <Filter>Modules\Modules</Filter>
    </ClCompile>
    <ClCompile Include="Extensions\Extensions\Math.cpp">
      <Filter>Extensions\Extensions</Filter>
    </ClCompile>
    <ClCompile Include="Extensions\Extensions\Formatting.cpp">
      <Filter>Extensions\Extensions</Filter>
    </ClCompile>
    <ClCompile Include="Extensions\Extensions\Time.cpp">
      <Filter>Extensions\Extensions</Filter>
    </ClCompile>
    <ClCompile Include="Components\Components\Variables.cpp">
      <Filter>Components\Components</Filter>
    </ClCompile>
  </ItemGroup>
  <ItemGroup>
    <ClInclude Include="Components\Component.hpp">
      <Filter>Components</Filter>
    </ClInclude>
    <ClInclude Include="Components\Includes.hpp">
      <Filter>Components</Filter>
    </ClInclude>
    <ClInclude Include="Components\Components\Console.hpp">
      <Filter>Components\Components</Filter>
    </ClInclude>
    <ClInclude Include="Components\Components\Core.hpp">
      <Filter>Components\Components</Filter>
    </ClInclude>
    <ClInclude Include="Components\Components\Events.hpp">
      <Filter>Components\Components</Filter>
    </ClInclude>
    <ClInclude Include="Components\Components\GameState.hpp">
      <Filter>Components\Components</Filter>
    </ClInclude>
    <ClInclude Include="Components\Components\Instances.hpp">
      <Filter>Components\Components</Filter>
    </ClInclude>
    <ClInclude Include="Components\Components\Manager.hpp">
      <Filter>Components\Components</Filter>
    </ClInclude>
    <ClInclude Include="Detours\detours.h">
      <Filter>Detours</Filter>
    </ClInclude>
    <ClInclude Include="Detours\detver.h">
      <Filter>Detours</Filter>
    </ClInclude>
    <ClInclude Include="Detours\syelog.h">
      <Filter>Detours</Filter>
    </ClInclude>
    <ClInclude Include="Extensions\Includes.hpp">
      <Filter>Extensions</Filter>
    </ClInclude>
    <ClInclude Include="Extensions\Extensions\Colors.hpp">
      <Filter>Extensions\Extensions</Filter>
    </ClInclude>
    <ClInclude Include="Extensions\Extensions\Memory.hpp">
      <Filter>Extensions\Extensions</Filter>
    </ClInclude>
    <ClInclude Include="PlaceholderSDK\GameDefines.hpp">
      <Filter>PlaceholderSDK</Filter>
    </ClInclude>
    <ClInclude Include="PlaceholderSDK\SdkHeaders.hpp">
      <Filter>PlaceholderSDK</Filter>
    </ClInclude>
    <ClInclude Include="pch.hpp">
      <Filter>CodeRed</Filter>
    </ClInclude>
    <ClInclude Include="Modules\Includes.hpp">
      <Filter>Modules</Filter>
    </ClInclude>
    <ClInclude Include="Modules\Module.hpp">
      <Filter>Modules</Filter>
    </ClInclude>
    <ClInclude Include="Modules\Modules\Placeholder.hpp">
      <Filter>Modules\Modules</Filter>
    </ClInclude>
    <ClInclude Include="Extensions\Extensions\Math.hpp">
      <Filter>Extensions\Extensions</Filter>
    </ClInclude>
    <ClInclude Include="Extensions\Extensions\Formatting.hpp">
      <Filter>Extensions\Extensions</Filter>
    </ClInclude>
    <ClInclude Include="Extensions\Extensions\Time.hpp">
      <Filter>Extensions\Extensions</Filter>
    </ClInclude>
    <ClInclude Include="Types.hpp">
      <Filter>CodeRed</Filter>
    </ClInclude>
    <ClInclude Include="Components\Components\Variables.hpp">
      <Filter>Components\Components</Filter>
    </ClInclude>
  </ItemGroup>
  <ItemGroup>
    <Library Include="Detours\detours.lib">
      <Filter>Detours</Filter>
    </Library>
    <Library Include="Detours\syelog.lib">
      <Filter>Detours</Filter>
    </Library>
  </ItemGroup>
  <ItemGroup>
    <None Include="Detours\detours.pdb">
      <Filter>Detours</Filter>
    </None>
  </ItemGroup>
  <ItemGroup>
    <Text Include="Changelog.hpp" />
  </ItemGroup>
</Project>